<?xml version="1.0" encoding="utf-8"?>
<Project ToolsVersion="16.0" xmlns="http://schemas.microsoft.com/developer/msbuild/2003">
  <ItemGroup>
    <CustomBuild Include="C:\Users\jaana\Desktop\Graph\googletest-master\googlemock\CMakeFiles\2ff9abc80ac623f7196f625cb2566c66\generate.stamp.rule">
      <Filter>CMake Rules</Filter>
    </CustomBuild>
  </ItemGroup>
  <ItemGroup>
    <Filter Include="CMake Rules">
      <UniqueIdentifier>{AE1F61E0-DC25-327C-9DF2-70804095F67F}</UniqueIdentifier>
    </Filter>
  </ItemGroup>
</Project>
